<?xml version="1.0" encoding="utf-8"?>
<Project ToolsVersion="4.0" xmlns="http://schemas.microsoft.com/developer/msbuild/2003">
  <ItemGroup>
    <ClCompile Include="src\main.cpp" />
    <ClCompile Include="src\testApp.cpp" />
    <ClCompile Include="$(OF7)\addons\ofxOpenCv\src\ofxCvColorImage.cpp">
      <Filter>ofxOpenCV</Filter>
    </ClCompile>
    <ClCompile Include="$(OF7)\addons\ofxOpenCv\src\ofxCvContourFinder.cpp">
      <Filter>ofxOpenCV</Filter>
    </ClCompile>
    <ClCompile Include="$(OF7)\addons\ofxOpenCv\src\ofxCvFloatImage.cpp">
      <Filter>ofxOpenCV</Filter>
    </ClCompile>
    <ClCompile Include="$(OF7)\addons\ofxOpenCv\src\ofxCvGrayscaleImage.cpp">
      <Filter>ofxOpenCV</Filter>
    </ClCompile>
    <ClCompile Include="$(OF7)\addons\ofxOpenCv\src\ofxCvHaarFinder.cpp">
      <Filter>ofxOpenCV</Filter>
    </ClCompile>
    <ClCompile Include="$(OF7)\addons\ofxOpenCv\src\ofxCvImage.cpp">
      <Filter>ofxOpenCV</Filter>
    </ClCompile>
    <ClCompile Include="$(OF7)\addons\ofxOpenCv\src\ofxCvShortImage.cpp">
      <Filter>ofxOpenCV</Filter>
    </ClCompile>
    <ClCompile Include="src\FaceCom.cpp" />
    <ClCompile Include="src\Face.cpp" />
    <ClCompile Include="..\..\Libraries\of_preRelease_v007_vs2010\addons\ofxXmlSettings\src\ofxXmlSettings.cpp">
      <Filter>ofxXMLSettings</Filter>
    </ClCompile>
    <ClCompile Include="..\..\Libraries\of_preRelease_v007_vs2010\addons\ofxXmlSettings\libs\tinyxml.cpp">
      <Filter>ofxXMLSettings</Filter>
    </ClCompile>
    <ClCompile Include="..\..\Libraries\of_preRelease_v007_vs2010\addons\ofxXmlSettings\libs\tinyxmlerror.cpp">
      <Filter>ofxXMLSettings</Filter>
    </ClCompile>
    <ClCompile Include="..\..\Libraries\of_preRelease_v007_vs2010\addons\ofxXmlSettings\libs\tinyxmlparser.cpp">
      <Filter>ofxXMLSettings</Filter>
    </ClCompile>
    <ClCompile Include="src\FaceTracker.cpp" />
  </ItemGroup>
  <ItemGroup>
    <ClInclude Include="src\testApp.h" />
    <ClInclude Include="$(OF7)\addons\ofxOpenCv\src\ofxCvShortImage.h">
      <Filter>ofxOpenCV</Filter>
    </ClInclude>
    <ClInclude Include="$(OF7)\addons\ofxOpenCv\src\ofxCvBlob.h">
      <Filter>ofxOpenCV</Filter>
    </ClInclude>
    <ClInclude Include="$(OF7)\addons\ofxOpenCv\src\ofxCvColorImage.h">
      <Filter>ofxOpenCV</Filter>
    </ClInclude>
    <ClInclude Include="$(OF7)\addons\ofxOpenCv\src\ofxCvConstants.h">
      <Filter>ofxOpenCV</Filter>
    </ClInclude>
    <ClInclude Include="$(OF7)\addons\ofxOpenCv\src\ofxCvContourFinder.h">
      <Filter>ofxOpenCV</Filter>
    </ClInclude>
    <ClInclude Include="$(OF7)\addons\ofxOpenCv\src\ofxCvFloatImage.h">
      <Filter>ofxOpenCV</Filter>
    </ClInclude>
    <ClInclude Include="$(OF7)\addons\ofxOpenCv\src\ofxCvGrayscaleImage.h">
      <Filter>ofxOpenCV</Filter>
    </ClInclude>
    <ClInclude Include="$(OF7)\addons\ofxOpenCv\src\ofxCvHaarFinder.h">
      <Filter>ofxOpenCV</Filter>
    </ClInclude>
    <ClInclude Include="$(OF7)\addons\ofxOpenCv\src\ofxCvImage.h">
      <Filter>ofxOpenCV</Filter>
    </ClInclude>
    <ClInclude Include="$(OF7)\addons\ofxOpenCv\src\ofxCvMain.h">
      <Filter>ofxOpenCV</Filter>
    </ClInclude>
    <ClInclude Include="$(OF7)\addons\ofxOpenCv\src\ofxOpenCv.h">
      <Filter>ofxOpenCV</Filter>
    </ClInclude>
    <ClInclude Include="src\FaceCom.h" />
    <ClInclude Include="src\Face.h" />
    <ClInclude Include="src\api-keys.h" />
    <ClInclude Include="..\..\Libraries\of_preRelease_v007_vs2010\addons\ofxXmlSettings\src\ofxXmlSettings.h">
      <Filter>ofxXMLSettings</Filter>
    </ClInclude>
    <ClInclude Include="..\..\Libraries\of_preRelease_v007_vs2010\addons\ofxXmlSettings\libs\tinyxml.h">
      <Filter>ofxXMLSettings</Filter>
    </ClInclude>
    <ClInclude Include="src\FaceTracker.h" />
  </ItemGroup>
  <ItemGroup>
    <Filter Include="ofxOpenCV">
      <UniqueIdentifier>{e4d31cac-4841-4172-8ad7-84a2bd5b4884}</UniqueIdentifier>
    </Filter>
    <Filter Include="ofxXMLSettings">
      <UniqueIdentifier>{712f6bee-47dc-4d00-a492-6f7bf7c74cf1}</UniqueIdentifier>
    </Filter>
  </ItemGroup>
</Project>